
Microsoft Visual Studio Solution File, Format Version 12.00
# Visual Studio Version 17
VisualStudioVersion = 17.13.35913.81
MinimumVisualStudioVersion = 10.0.40219.1
Project("{FAE04EC0-301F-11D3-BF4B-00C04F79EFBC}") = "Exercicio03", "Exercicio03\Exercicio03.csproj", "{4D3321A6-B2ED-4B25-8435-8FE1A80BF4BC}"
EndProject
Project("{FAE04EC0-301F-11D3-BF4B-00C04F79EFBC}") = "Exercicio04", "Exercicio04\Exercicio04.csproj", "{5FE058ED-73B8-4066-BB67-99177E2F00A9}"
EndProject
Project("{FAE04EC0-301F-11D3-BF4B-00C04F79EFBC}") = "Exercicio05", "Exercicio05\Exercicio05.csproj", "{128A7B21-3400-4CE0-AAB2-34B7E5F3B43D}"
EndProject
Project("{FAE04EC0-301F-11D3-BF4B-00C04F79EFBC}") = "Exercicio06", "Exercicio06\Exercicio06.csproj", "{FAFF367E-2E2F-4C96-BC22-B31021EADC14}"
EndProject
Project("{FAE04EC0-301F-11D3-BF4B-00C04F79EFBC}") = "Exercicio07", "Exercicio07\Exercicio07.csproj", "{3E0E66A7-CFFD-4464-AA74-E37E5B4300E4}"
EndProject
Project("{FAE04EC0-301F-11D3-BF4B-00C04F79EFBC}") = "Exercicio08", "Exercicio08\Exercicio08.csproj", "{7AF02CEA-E649-4B3D-BB8D-6F9A18F94F4D}"
EndProject
Project("{FAE04EC0-301F-11D3-BF4B-00C04F79EFBC}") = "Exercicio09", "Exercicio09\Exercicio09.csproj", "{C805EB6D-C8DB-45BC-B524-4543351C196B}"
EndProject
Project("{FAE04EC0-301F-11D3-BF4B-00C04F79EFBC}") = "Exercicio02", "Exercicio02\Exercicio02.csproj", "{D39C7102-AD0B-498E-A992-E766E0671527}"
EndProject
Project("{FAE04EC0-301F-11D3-BF4B-00C04F79EFBC}") = "Exercicio01", "Exercicio01\Exercicio01.csproj", "{9A99C5B2-A689-4198-8DF7-64AE88903613}"
EndProject
Project("{FAE04EC0-301F-11D3-BF4B-00C04F79EFBC}") = "Exercicio10", "Exercicio10\Exercicio10.csproj", "{B4D2B4D6-93BA-4286-A3AD-B7DC2189B76C}"
EndProject
Global
	GlobalSection(SolutionConfigurationPlatforms) = preSolution
		Debug|Any CPU = Debug|Any CPU
		Release|Any CPU = Release|Any CPU
	EndGlobalSection
	GlobalSection(ProjectConfigurationPlatforms) = postSolution
		{4D3321A6-B2ED-4B25-8435-8FE1A80BF4BC}.Debug|Any CPU.ActiveCfg = Debug|Any CPU
		{4D3321A6-B2ED-4B25-8435-8FE1A80BF4BC}.Debug|Any CPU.Build.0 = Debug|Any CPU
		{4D3321A6-B2ED-4B25-8435-8FE1A80BF4BC}.Release|Any CPU.ActiveCfg = Release|Any CPU
		{4D3321A6-B2ED-4B25-8435-8FE1A80BF4BC}.Release|Any CPU.Build.0 = Release|Any CPU
		{5FE058ED-73B8-4066-BB67-99177E2F00A9}.Debug|Any CPU.ActiveCfg = Debug|Any CPU
		{5FE058ED-73B8-4066-BB67-99177E2F00A9}.Debug|Any CPU.Build.0 = Debug|Any CPU
		{5FE058ED-73B8-4066-BB67-99177E2F00A9}.Release|Any CPU.ActiveCfg = Release|Any CPU
		{5FE058ED-73B8-4066-BB67-99177E2F00A9}.Release|Any CPU.Build.0 = Release|Any CPU
		{128A7B21-3400-4CE0-AAB2-34B7E5F3B43D}.Debug|Any CPU.ActiveCfg = Debug|Any CPU
		{128A7B21-3400-4CE0-AAB2-34B7E5F3B43D}.Debug|Any CPU.Build.0 = Debug|Any CPU
		{128A7B21-3400-4CE0-AAB2-34B7E5F3B43D}.Release|Any CPU.ActiveCfg = Release|Any CPU
		{128A7B21-3400-4CE0-AAB2-34B7E5F3B43D}.Release|Any CPU.Build.0 = Release|Any CPU
		{FAFF367E-2E2F-4C96-BC22-B31021EADC14}.Debug|Any CPU.ActiveCfg = Debug|Any CPU
		{FAFF367E-2E2F-4C96-BC22-B31021EADC14}.Debug|Any CPU.Build.0 = Debug|Any CPU
		{FAFF367E-2E2F-4C96-BC22-B31021EADC14}.Release|Any CPU.ActiveCfg = Release|Any CPU
		{FAFF367E-2E2F-4C96-BC22-B31021EADC14}.Release|Any CPU.Build.0 = Release|Any CPU
		{3E0E66A7-CFFD-4464-AA74-E37E5B4300E4}.Debug|Any CPU.ActiveCfg = Debug|Any CPU
		{3E0E66A7-CFFD-4464-AA74-E37E5B4300E4}.Debug|Any CPU.Build.0 = Debug|Any CPU
		{3E0E66A7-CFFD-4464-AA74-E37E5B4300E4}.Release|Any CPU.ActiveCfg = Release|Any CPU
		{3E0E66A7-CFFD-4464-AA74-E37E5B4300E4}.Release|Any CPU.Build.0 = Release|Any CPU
		{7AF02CEA-E649-4B3D-BB8D-6F9A18F94F4D}.Debug|Any CPU.ActiveCfg = Debug|Any CPU
		{7AF02CEA-E649-4B3D-BB8D-6F9A18F94F4D}.Debug|Any CPU.Build.0 = Debug|Any CPU
		{7AF02CEA-E649-4B3D-BB8D-6F9A18F94F4D}.Release|Any CPU.ActiveCfg = Release|Any CPU
		{7AF02CEA-E649-4B3D-BB8D-6F9A18F94F4D}.Release|Any CPU.Build.0 = Release|Any CPU
		{C805EB6D-C8DB-45BC-B524-4543351C196B}.Debug|Any CPU.ActiveCfg = Debug|Any CPU
		{C805EB6D-C8DB-45BC-B524-4543351C196B}.Debug|Any CPU.Build.0 = Debug|Any CPU
		{C805EB6D-C8DB-45BC-B524-4543351C196B}.Release|Any CPU.ActiveCfg = Release|Any CPU
		{C805EB6D-C8DB-45BC-B524-4543351C196B}.Release|Any CPU.Build.0 = Release|Any CPU
		{D39C7102-AD0B-498E-A992-E766E0671527}.Debug|Any CPU.ActiveCfg = Debug|Any CPU
		{D39C7102-AD0B-498E-A992-E766E0671527}.Debug|Any CPU.Build.0 = Debug|Any CPU
		{D39C7102-AD0B-498E-A992-E766E0671527}.Release|Any CPU.ActiveCfg = Release|Any CPU
		{D39C7102-AD0B-498E-A992-E766E0671527}.Release|Any CPU.Build.0 = Release|Any CPU
		{9A99C5B2-A689-4198-8DF7-64AE88903613}.Debug|Any CPU.ActiveCfg = Debug|Any CPU
		{9A99C5B2-A689-4198-8DF7-64AE88903613}.Debug|Any CPU.Build.0 = Debug|Any CPU
		{9A99C5B2-A689-4198-8DF7-64AE88903613}.Release|Any CPU.ActiveCfg = Release|Any CPU
		{9A99C5B2-A689-4198-8DF7-64AE88903613}.Release|Any CPU.Build.0 = Release|Any CPU
		{B4D2B4D6-93BA-4286-A3AD-B7DC2189B76C}.Debug|Any CPU.ActiveCfg = Debug|Any CPU
		{B4D2B4D6-93BA-4286-A3AD-B7DC2189B76C}.Debug|Any CPU.Build.0 = Debug|Any CPU
		{B4D2B4D6-93BA-4286-A3AD-B7DC2189B76C}.Release|Any CPU.ActiveCfg = Release|Any CPU
		{B4D2B4D6-93BA-4286-A3AD-B7DC2189B76C}.Release|Any CPU.Build.0 = Release|Any CPU
	EndGlobalSection
	GlobalSection(SolutionProperties) = preSolution
		HideSolutionNode = FALSE
	EndGlobalSection
	GlobalSection(ExtensibilityGlobals) = postSolution
		SolutionGuid = {2BD1306F-ECF9-4E3A-BFA2-B1C22A176410}
	EndGlobalSection
EndGlobal
